
Microsoft Visual Studio Solution File, Format Version 12.00
# Visual Studio Version 16
VisualStudioVersion = 16.0.30330.147
MinimumVisualStudioVersion = 10.0.40219.1
Project("{8BC9CEB8-8B4A-11D0-8D11-00A0C91BC942}") = "Modulo", "Modulo\Modulo.vcxproj", "{C45BDAC7-0C10-4840-AB7E-2F13A5961F68}"
EndProject
Global
	GlobalSection(SolutionConfigurationPlatforms) = preSolution
		Debug|x64 = Debug|x64
		Debug|x86 = Debug|x86
		Release|x64 = Release|x64
		Release|x86 = Release|x86
	EndGlobalSection
	GlobalSection(ProjectConfigurationPlatforms) = postSolution
		{C45BDAC7-0C10-4840-AB7E-2F13A5961F68}.Debug|x64.ActiveCfg = Debug|x64
		{C45BDAC7-0C10-4840-AB7E-2F13A5961F68}.Debug|x64.Build.0 = Debug|x64
		{C45BDAC7-0C10-4840-AB7E-2F13A5961F68}.Debug|x86.ActiveCfg = Debug|Win32
		{C45BDAC7-0C10-4840-AB7E-2F13A5961F68}.Debug|x86.Build.0 = Debug|Win32
		{C45BDAC7-0C10-4840-AB7E-2F13A5961F68}.Release|x64.ActiveCfg = Release|x64
		{C45BDAC7-0C10-4840-AB7E-2F13A5961F68}.Release|x64.Build.0 = Release|x64
		{C45BDAC7-0C10-4840-AB7E-2F13A5961F68}.Release|x86.ActiveCfg = Release|Win32
		{C45BDAC7-0C10-4840-AB7E-2F13A5961F68}.Release|x86.Build.0 = Release|Win32
	EndGlobalSection
	GlobalSection(SolutionProperties) = preSolution
		HideSolutionNode = FALSE
	EndGlobalSection
	GlobalSection(ExtensibilityGlobals) = postSolution
		SolutionGuid = {4AC6267D-E909-457A-9651-67A87DAAE2DD}
	EndGlobalSection
EndGlobal
